{
  "name": "leaflet-track-playback",
  "version": "1.0.0",
  "lockfileVersion": 1,
  "requires": true,
  "dependencies": {
    "leaflet": {
      "version": "1.7.1",
      "resolved": "https://registry.npmjs.org/leaflet/-/leaflet-1.7.1.tgz",
      "integrity": "sha512-/xwPEBidtg69Q3HlqPdU3DnrXQOvQU/CCHA1tcDQVzOwm91YMYaILjNp7L4Eaw5Z4sOYdbBz6koWyibppd8Zqw=="
    },
    "leaflet-plugin-trackplayback": {
      "version": "1.0.5",
      "resolved": "https://registry.npmjs.org/leaflet-plugin-trackplayback/-/leaflet-plugin-trackplayback-1.0.5.tgz",
      "integrity": "sha512-piVOSN4i27UYFRDrK0KtEogYfggTI/zCX0Oma3ylL1jiUgRWAtXqiCwQaWqzLYeILz5Xz1E5JO5bj/ql4TzR3w=="
    },
    "vis-timeline": {
      "version": "7.4.9",
      "resolved": "https://registry.npmjs.org/vis-timeline/-/vis-timeline-7.4.9.tgz",
      "integrity": "sha512-+Mb829u4Jq9qPhh6EHAa7DRBEwXW0AclaXndxAC7e772oI5pMSAbhbKsQXsPYRPkf9vtac3/US+WPHJQYjGsRA=="
    }
  }
}
